<?xml version="1.0" encoding="utf-8"?>
<Project ToolsVersion="4.0" xmlns="http://schemas.microsoft.com/developer/msbuild/2003">
  <ItemGroup>
    <ClCompile Include="Meshes\Mesh.cpp">
      <Filter>Meshes</Filter>
    </ClCompile>
    <ClCompile Include="Meshes\MeshCube.cpp">
      <Filter>Meshes</Filter>
    </ClCompile>
    <ClCompile Include="Meshes\MeshCylinder.cpp">
      <Filter>Meshes</Filter>
    </ClCompile>
    <ClCompile Include="Meshes\MeshGrid.cpp">
      <Filter>Meshes</Filter>
    </ClCompile>
    <ClCompile Include="Meshes\MeshQuad.cpp">
      <Filter>Meshes</Filter>
    </ClCompile>
    <ClCompile Include="Meshes\MeshRender.cpp">
      <Filter>Meshes</Filter>
    </ClCompile>
    <ClCompile Include="Meshes\MeshSphere.cpp">
      <Filter>Meshes</Filter>
    </ClCompile>
    <ClCompile Include="Model\Model.cpp">
      <Filter>Models</Filter>
    </ClCompile>
    <ClCompile Include="Model\ModelAnimator.cpp">
      <Filter>Models</Filter>
    </ClCompile>
    <ClCompile Include="Model\ModelClip.cpp">
      <Filter>Models</Filter>
    </ClCompile>
    <ClCompile Include="Model\ModelMesh.cpp">
      <Filter>Models</Filter>
    </ClCompile>
    <ClCompile Include="Model\ModelRender.cpp">
      <Filter>Models</Filter>
    </ClCompile>
    <ClCompile Include="Objects\Collider.cpp">
      <Filter>Objects</Filter>
    </ClCompile>
    <ClCompile Include="Objects\Frustum.cpp">
      <Filter>Objects</Filter>
    </ClCompile>
    <ClCompile Include="Objects\GBuffer.cpp">
      <Filter>Objects</Filter>
    </ClCompile>
    <ClCompile Include="Objects\Projector.cpp">
      <Filter>Objects</Filter>
    </ClCompile>
    <ClCompile Include="Objects\Reflection.cpp">
      <Filter>Objects</Filter>
    </ClCompile>
    <ClCompile Include="Objects\Refraction.cpp">
      <Filter>Objects</Filter>
    </ClCompile>
    <ClCompile Include="Objects\Shadow.cpp">
      <Filter>Objects</Filter>
    </ClCompile>
    <ClCompile Include="Objects\Billboard.cpp">
      <Filter>Objects</Filter>
    </ClCompile>
    <ClCompile Include="Particles\ParticleSystem.cpp">
      <Filter>Particles</Filter>
    </ClCompile>
    <ClCompile Include="PostEffects\PostEffect.cpp">
      <Filter>PostEffects</Filter>
    </ClCompile>
    <ClCompile Include="Renders\DebugLine.cpp">
      <Filter>Renders</Filter>
    </ClCompile>
    <ClCompile Include="Renders\Lights.cpp">
      <Filter>Renders</Filter>
    </ClCompile>
    <ClCompile Include="Renders\Material.cpp">
      <Filter>Renders</Filter>
    </ClCompile>
    <ClCompile Include="Renders\PerFrame.cpp">
      <Filter>Renders</Filter>
    </ClCompile>
    <ClCompile Include="Renders\Render2D.cpp">
      <Filter>Renders</Filter>
    </ClCompile>
    <ClCompile Include="Renders\Renderer.cpp">
      <Filter>Renders</Filter>
    </ClCompile>
    <ClCompile Include="Renders\Shader.cpp">
      <Filter>Renders</Filter>
    </ClCompile>
    <ClCompile Include="Renders\Texture.cpp">
      <Filter>Renders</Filter>
    </ClCompile>
    <ClCompile Include="Renders\TextureCube.cpp">
      <Filter>Renders</Filter>
    </ClCompile>
    <ClCompile Include="Renders\Transform.cpp">
      <Filter>Renders</Filter>
    </ClCompile>
    <ClCompile Include="Renders\Buffers.cpp">
      <Filter>Renders</Filter>
    </ClCompile>
    <ClCompile Include="Renders\Context.cpp">
      <Filter>Renders</Filter>
    </ClCompile>
    <ClCompile Include="Systems\Mouse.cpp">
      <Filter>Systems</Filter>
    </ClCompile>
    <ClCompile Include="Systems\Time.cpp">
      <Filter>Systems</Filter>
    </ClCompile>
    <ClCompile Include="Systems\Window.cpp">
      <Filter>Systems</Filter>
    </ClCompile>
    <ClCompile Include="Systems\D3D.cpp">
      <Filter>Systems</Filter>
    </ClCompile>
    <ClCompile Include="Systems\Gui.cpp">
      <Filter>Systems</Filter>
    </ClCompile>
    <ClCompile Include="Systems\Keyboard.cpp">
      <Filter>Systems</Filter>
    </ClCompile>
    <ClCompile Include="Utilities\Path.cpp">
      <Filter>Utilities</Filter>
    </ClCompile>
    <ClCompile Include="Utilities\String.cpp">
      <Filter>Utilities</Filter>
    </ClCompile>
    <ClCompile Include="Utilities\Xml.cpp">
      <Filter>Utilities</Filter>
    </ClCompile>
    <ClCompile Include="Utilities\BinaryFile.cpp">
      <Filter>Utilities</Filter>
    </ClCompile>
    <ClCompile Include="Utilities\Math.cpp">
      <Filter>Utilities</Filter>
    </ClCompile>
    <ClCompile Include="Viewer\Freedom.cpp">
      <Filter>Viewer</Filter>
    </ClCompile>
    <ClCompile Include="Viewer\Orthographic.cpp">
      <Filter>Viewer</Filter>
    </ClCompile>
    <ClCompile Include="Viewer\Perspective.cpp">
      <Filter>Viewer</Filter>
    </ClCompile>
    <ClCompile Include="Viewer\Projection.cpp">
      <Filter>Viewer</Filter>
    </ClCompile>
    <ClCompile Include="Viewer\RenderTarget.cpp">
      <Filter>Viewer</Filter>
    </ClCompile>
    <ClCompile Include="Viewer\Viewport.cpp">
      <Filter>Viewer</Filter>
    </ClCompile>
    <ClCompile Include="Viewer\Camera.cpp">
      <Filter>Viewer</Filter>
    </ClCompile>
    <ClCompile Include="Viewer\DepthStencil.cpp">
      <Filter>Viewer</Filter>
    </ClCompile>
    <ClCompile Include="Viewer\Fixity.cpp">
      <Filter>Viewer</Filter>
    </ClCompile>
    <ClCompile Include="Framework.cpp" />
    <ClCompile Include="Environment\Dome.cpp">
      <Filter>Environment</Filter>
    </ClCompile>
    <ClCompile Include="Environment\Moon.cpp">
      <Filter>Environment</Filter>
    </ClCompile>
    <ClCompile Include="Environment\Rain.cpp">
      <Filter>Environment</Filter>
    </ClCompile>
    <ClCompile Include="Environment\Scattering.cpp">
      <Filter>Environment</Filter>
    </ClCompile>
    <ClCompile Include="Environment\Sky.cpp">
      <Filter>Environment</Filter>
    </ClCompile>
    <ClCompile Include="Environment\Snow.cpp">
      <Filter>Environment</Filter>
    </ClCompile>
    <ClCompile Include="Environment\Terrain.cpp">
      <Filter>Environment</Filter>
    </ClCompile>
    <ClCompile Include="Environment\TerrainLod.cpp">
      <Filter>Environment</Filter>
    </ClCompile>
    <ClCompile Include="Environment\Water.cpp">
      <Filter>Environment</Filter>
    </ClCompile>
    <ClCompile Include="Environment\Cloud.cpp">
      <Filter>Environment</Filter>
    </ClCompile>
    <ClCompile Include="Environment\CubeSky.cpp">
      <Filter>Environment</Filter>
    </ClCompile>
    <ClCompile Include="Viewer\OrbitCamera.cpp">
      <Filter>Viewer</Filter>
    </ClCompile>
    <ClCompile Include="HpBar.cpp">
      <Filter>Meshes</Filter>
    </ClCompile>
  </ItemGroup>
  <ItemGroup>
    <ClInclude Include="Meshes\Mesh.h">
      <Filter>Meshes</Filter>
    </ClInclude>
    <ClInclude Include="Meshes\MeshCube.h">
      <Filter>Meshes</Filter>
    </ClInclude>
    <ClInclude Include="Meshes\MeshCylinder.h">
      <Filter>Meshes</Filter>
    </ClInclude>
    <ClInclude Include="Meshes\MeshGrid.h">
      <Filter>Meshes</Filter>
    </ClInclude>
    <ClInclude Include="Meshes\MeshQuad.h">
      <Filter>Meshes</Filter>
    </ClInclude>
    <ClInclude Include="Meshes\MeshRender.h">
      <Filter>Meshes</Filter>
    </ClInclude>
    <ClInclude Include="Meshes\MeshSphere.h">
      <Filter>Meshes</Filter>
    </ClInclude>
    <ClInclude Include="Model\Model.h">
      <Filter>Models</Filter>
    </ClInclude>
    <ClInclude Include="Model\ModelAnimator.h">
      <Filter>Models</Filter>
    </ClInclude>
    <ClInclude Include="Model\ModelClip.h">
      <Filter>Models</Filter>
    </ClInclude>
    <ClInclude Include="Model\ModelMesh.h">
      <Filter>Models</Filter>
    </ClInclude>
    <ClInclude Include="Model\ModelRender.h">
      <Filter>Models</Filter>
    </ClInclude>
    <ClInclude Include="Objects\Collider.h">
      <Filter>Objects</Filter>
    </ClInclude>
    <ClInclude Include="Objects\Frustum.h">
      <Filter>Objects</Filter>
    </ClInclude>
    <ClInclude Include="Objects\GBuffer.h">
      <Filter>Objects</Filter>
    </ClInclude>
    <ClInclude Include="Objects\Projector.h">
      <Filter>Objects</Filter>
    </ClInclude>
    <ClInclude Include="Objects\Reflection.h">
      <Filter>Objects</Filter>
    </ClInclude>
    <ClInclude Include="Objects\Refraction.h">
      <Filter>Objects</Filter>
    </ClInclude>
    <ClInclude Include="Objects\Shadow.h">
      <Filter>Objects</Filter>
    </ClInclude>
    <ClInclude Include="Objects\Billboard.h">
      <Filter>Objects</Filter>
    </ClInclude>
    <ClInclude Include="Particles\ParticleSystem.h">
      <Filter>Particles</Filter>
    </ClInclude>
    <ClInclude Include="Particles\ParticleData.h">
      <Filter>Particles</Filter>
    </ClInclude>
    <ClInclude Include="PostEffects\PostEffect.h">
      <Filter>PostEffects</Filter>
    </ClInclude>
    <ClInclude Include="Renders\DebugLine.h">
      <Filter>Renders</Filter>
    </ClInclude>
    <ClInclude Include="Renders\Lights.h">
      <Filter>Renders</Filter>
    </ClInclude>
    <ClInclude Include="Renders\Material.h">
      <Filter>Renders</Filter>
    </ClInclude>
    <ClInclude Include="Renders\PerFrame.h">
      <Filter>Renders</Filter>
    </ClInclude>
    <ClInclude Include="Renders\Render2D.h">
      <Filter>Renders</Filter>
    </ClInclude>
    <ClInclude Include="Renders\Renderer.h">
      <Filter>Renders</Filter>
    </ClInclude>
    <ClInclude Include="Renders\Shader.h">
      <Filter>Renders</Filter>
    </ClInclude>
    <ClInclude Include="Renders\Texture.h">
      <Filter>Renders</Filter>
    </ClInclude>
    <ClInclude Include="Renders\TextureCube.h">
      <Filter>Renders</Filter>
    </ClInclude>
    <ClInclude Include="Renders\Transform.h">
      <Filter>Renders</Filter>
    </ClInclude>
    <ClInclude Include="Renders\VertexLayouts.h">
      <Filter>Renders</Filter>
    </ClInclude>
    <ClInclude Include="Renders\Buffers.h">
      <Filter>Renders</Filter>
    </ClInclude>
    <ClInclude Include="Renders\Context.h">
      <Filter>Renders</Filter>
    </ClInclude>
    <ClInclude Include="Systems\Keyboard.h">
      <Filter>Systems</Filter>
    </ClInclude>
    <ClInclude Include="Systems\Mouse.h">
      <Filter>Systems</Filter>
    </ClInclude>
    <ClInclude Include="Systems\Time.h">
      <Filter>Systems</Filter>
    </ClInclude>
    <ClInclude Include="Systems\Window.h">
      <Filter>Systems</Filter>
    </ClInclude>
    <ClInclude Include="Systems\D3D.h">
      <Filter>Systems</Filter>
    </ClInclude>
    <ClInclude Include="Systems\Gui.h">
      <Filter>Systems</Filter>
    </ClInclude>
    <ClInclude Include="Systems\IExecute.h">
      <Filter>Systems</Filter>
    </ClInclude>
    <ClInclude Include="Utilities\Math.h">
      <Filter>Utilities</Filter>
    </ClInclude>
    <ClInclude Include="Utilities\Path.h">
      <Filter>Utilities</Filter>
    </ClInclude>
    <ClInclude Include="Utilities\String.h">
      <Filter>Utilities</Filter>
    </ClInclude>
    <ClInclude Include="Utilities\Xml.h">
      <Filter>Utilities</Filter>
    </ClInclude>
    <ClInclude Include="Utilities\BinaryFile.h">
      <Filter>Utilities</Filter>
    </ClInclude>
    <ClInclude Include="Viewer\Fixity.h">
      <Filter>Viewer</Filter>
    </ClInclude>
    <ClInclude Include="Viewer\Freedom.h">
      <Filter>Viewer</Filter>
    </ClInclude>
    <ClInclude Include="Viewer\Orthographic.h">
      <Filter>Viewer</Filter>
    </ClInclude>
    <ClInclude Include="Viewer\Perspective.h">
      <Filter>Viewer</Filter>
    </ClInclude>
    <ClInclude Include="Viewer\Projection.h">
      <Filter>Viewer</Filter>
    </ClInclude>
    <ClInclude Include="Viewer\RenderTarget.h">
      <Filter>Viewer</Filter>
    </ClInclude>
    <ClInclude Include="Viewer\Viewport.h">
      <Filter>Viewer</Filter>
    </ClInclude>
    <ClInclude Include="Viewer\Camera.h">
      <Filter>Viewer</Filter>
    </ClInclude>
    <ClInclude Include="Viewer\DepthStencil.h">
      <Filter>Viewer</Filter>
    </ClInclude>
    <ClInclude Include="Framework.h" />
    <ClInclude Include="Environment\Dome.h">
      <Filter>Environment</Filter>
    </ClInclude>
    <ClInclude Include="Environment\Moon.h">
      <Filter>Environment</Filter>
    </ClInclude>
    <ClInclude Include="Environment\Rain.h">
      <Filter>Environment</Filter>
    </ClInclude>
    <ClInclude Include="Environment\Scattering.h">
      <Filter>Environment</Filter>
    </ClInclude>
    <ClInclude Include="Environment\Sky.h">
      <Filter>Environment</Filter>
    </ClInclude>
    <ClInclude Include="Environment\Snow.h">
      <Filter>Environment</Filter>
    </ClInclude>
    <ClInclude Include="Environment\Terrain.h">
      <Filter>Environment</Filter>
    </ClInclude>
    <ClInclude Include="Environment\TerrainLod.h">
      <Filter>Environment</Filter>
    </ClInclude>
    <ClInclude Include="Environment\Water.h">
      <Filter>Environment</Filter>
    </ClInclude>
    <ClInclude Include="Environment\Cloud.h">
      <Filter>Environment</Filter>
    </ClInclude>
    <ClInclude Include="Environment\CubeSky.h">
      <Filter>Environment</Filter>
    </ClInclude>
    <ClInclude Include="Viewer\OrbitCamera.h">
      <Filter>Viewer</Filter>
    </ClInclude>
    <ClInclude Include="HpBar.h">
      <Filter>Meshes</Filter>
    </ClInclude>
  </ItemGroup>
  <ItemGroup>
    <Filter Include="Meshes">
      <UniqueIdentifier>{e393e4e4-dd72-4923-964a-0112d53b3343}</UniqueIdentifier>
    </Filter>
    <Filter Include="Models">
      <UniqueIdentifier>{724c417f-8dbd-4b92-8413-583ad9c218b5}</UniqueIdentifier>
    </Filter>
    <Filter Include="Objects">
      <UniqueIdentifier>{011c14f3-e1a2-40ee-9663-2d5ae8571e4b}</UniqueIdentifier>
    </Filter>
    <Filter Include="Particles">
      <UniqueIdentifier>{4501cc2b-f4f8-4a45-907f-3d8335187e20}</UniqueIdentifier>
    </Filter>
    <Filter Include="PostEffects">
      <UniqueIdentifier>{22db7008-d3f8-4ff0-a606-3887733fac40}</UniqueIdentifier>
    </Filter>
    <Filter Include="Renders">
      <UniqueIdentifier>{6b8769bd-7d7f-4837-94d1-d68db30d0710}</UniqueIdentifier>
    </Filter>
    <Filter Include="Systems">
      <UniqueIdentifier>{1f1df33d-51b1-43ca-a9bc-07b63e0a7d79}</UniqueIdentifier>
    </Filter>
    <Filter Include="Utilities">
      <UniqueIdentifier>{04cd1cc5-900d-4de5-9062-c068e9876db6}</UniqueIdentifier>
    </Filter>
    <Filter Include="Viewer">
      <UniqueIdentifier>{e1ded713-9710-4b95-9df6-e8ae243c691b}</UniqueIdentifier>
    </Filter>
    <Filter Include="Environment">
      <UniqueIdentifier>{8d9347c2-73e8-4b52-8212-3e85b816c08d}</UniqueIdentifier>
    </Filter>
  </ItemGroup>
</Project>