<?xml version="1.0" encoding="utf-8"?>
<Project ToolsVersion="4.0" xmlns="http://schemas.microsoft.com/developer/msbuild/2003">
  <ItemGroup>
    <ClInclude Include="stdafx.h" />
    <ClInclude Include="Main.h" />
    <ClInclude Include="Player.h" />
    <ClInclude Include="GameActor.h" />
    <ClInclude Include="Command.h" />
    <ClInclude Include="PlayerState.h" />
    <ClInclude Include="Enemy.h">
      <Filter>Enemy</Filter>
    </ClInclude>
    <ClInclude Include="Mutant.h">
      <Filter>Enemy</Filter>
    </ClInclude>
    <ClInclude Include="GameScene.h">
      <Filter>Scene</Filter>
    </ClInclude>
    <ClInclude Include="Warrok.h">
      <Filter>Enemy</Filter>
    </ClInclude>
  </ItemGroup>
  <ItemGroup>
    <ClCompile Include="Main.cpp" />
    <ClCompile Include="stdafx.cpp" />
    <ClCompile Include="Player.cpp" />
    <ClCompile Include="GameActor.cpp" />
    <ClCompile Include="Command.cpp" />
    <ClCompile Include="PlayerState.cpp" />
    <ClCompile Include="Enemy.cpp">
      <Filter>Enemy</Filter>
    </ClCompile>
    <ClCompile Include="Mutant.cpp">
      <Filter>Enemy</Filter>
    </ClCompile>
    <ClCompile Include="GameScene.cpp">
      <Filter>Scene</Filter>
    </ClCompile>
    <ClCompile Include="Warrok.cpp">
      <Filter>Enemy</Filter>
    </ClCompile>
  </ItemGroup>
  <ItemGroup>
    <Filter Include="Enemy">
      <UniqueIdentifier>{b1adf4e4-5957-4052-8a4e-29d48a1b3c0e}</UniqueIdentifier>
    </Filter>
    <Filter Include="Scene">
      <UniqueIdentifier>{c5e6fb98-a03b-4298-9019-4e587b725482}</UniqueIdentifier>
    </Filter>
  </ItemGroup>
</Project>